
Microsoft Visual Studio Solution File, Format Version 12.00
# Visual Studio Version 17
VisualStudioVersion = 17.13.35806.99 d17.13
MinimumVisualStudioVersion = 10.0.40219.1
Project("{FAE04EC0-301F-11D3-BF4B-00C04F79EFBC}") = "Teil2_Schwimmbad", "Teil2_Schwimmbad\Teil2_Schwimmbad.csproj", "{2BA92B97-CB37-4E23-9C19-CBAB3A44D496}"
EndProject
Global
	GlobalSection(SolutionConfigurationPlatforms) = preSolution
		Debug|Any CPU = Debug|Any CPU
		Release|Any CPU = Release|Any CPU
	EndGlobalSection
	GlobalSection(ProjectConfigurationPlatforms) = postSolution
		{2BA92B97-CB37-4E23-9C19-CBAB3A44D496}.Debug|Any CPU.ActiveCfg = Debug|Any CPU
		{2BA92B97-CB37-4E23-9C19-CBAB3A44D496}.Debug|Any CPU.Build.0 = Debug|Any CPU
		{2BA92B97-CB37-4E23-9C19-CBAB3A44D496}.Release|Any CPU.ActiveCfg = Release|Any CPU
		{2BA92B97-CB37-4E23-9C19-CBAB3A44D496}.Release|Any CPU.Build.0 = Release|Any CPU
	EndGlobalSection
	GlobalSection(SolutionProperties) = preSolution
		HideSolutionNode = FALSE
	EndGlobalSection
	GlobalSection(ExtensibilityGlobals) = postSolution
		SolutionGuid = {BB8D12E2-C310-455B-9900-0B8406D40C6E}
	EndGlobalSection
EndGlobal
