
Microsoft Visual Studio Solution File, Format Version 12.00
# Visual Studio Version 17
VisualStudioVersion = 17.13.35806.99 d17.13
MinimumVisualStudioVersion = 10.0.40219.1
Project("{FAE04EC0-301F-11D3-BF4B-00C04F79EFBC}") = "Teil2_Schwimmbad", "Teil2_Schwimmbad.csproj", "{A3C1C0EB-B5B9-C5AB-CA9F-31B850218516}"
EndProject
Global
	GlobalSection(SolutionConfigurationPlatforms) = preSolution
		Debug|Any CPU = Debug|Any CPU
		Release|Any CPU = Release|Any CPU
	EndGlobalSection
	GlobalSection(ProjectConfigurationPlatforms) = postSolution
		{A3C1C0EB-B5B9-C5AB-CA9F-31B850218516}.Debug|Any CPU.ActiveCfg = Debug|Any CPU
		{A3C1C0EB-B5B9-C5AB-CA9F-31B850218516}.Debug|Any CPU.Build.0 = Debug|Any CPU
		{A3C1C0EB-B5B9-C5AB-CA9F-31B850218516}.Release|Any CPU.ActiveCfg = Release|Any CPU
		{A3C1C0EB-B5B9-C5AB-CA9F-31B850218516}.Release|Any CPU.Build.0 = Release|Any CPU
	EndGlobalSection
	GlobalSection(SolutionProperties) = preSolution
		HideSolutionNode = FALSE
	EndGlobalSection
	GlobalSection(ExtensibilityGlobals) = postSolution
		SolutionGuid = {06FCAA50-FF4C-4680-A0BC-771E20609A73}
	EndGlobalSection
EndGlobal
